
Microsoft Visual Studio Solution File, Format Version 12.00
# Visual Studio Version 17
VisualStudioVersion = 17.11.35222.181
MinimumVisualStudioVersion = 10.0.40219.1
Project("{FAE04EC0-301F-11D3-BF4B-00C04F79EFBC}") = "WebApplication1", "WebApplication1\WebApplication1.csproj", "{39FAB902-7F12-46DC-A671-5EBCD12555D0}"
EndProject
Global
	GlobalSection(SolutionConfigurationPlatforms) = preSolution
		Debug|Any CPU = Debug|Any CPU
		Release|Any CPU = Release|Any CPU
	EndGlobalSection
	GlobalSection(ProjectConfigurationPlatforms) = postSolution
		{39FAB902-7F12-46DC-A671-5EBCD12555D0}.Debug|Any CPU.ActiveCfg = Debug|Any CPU
		{39FAB902-7F12-46DC-A671-5EBCD12555D0}.Debug|Any CPU.Build.0 = Debug|Any CPU
		{39FAB902-7F12-46DC-A671-5EBCD12555D0}.Release|Any CPU.ActiveCfg = Release|Any CPU
		{39FAB902-7F12-46DC-A671-5EBCD12555D0}.Release|Any CPU.Build.0 = Release|Any CPU
	EndGlobalSection
	GlobalSection(SolutionProperties) = preSolution
		HideSolutionNode = FALSE
	EndGlobalSection
	GlobalSection(ExtensibilityGlobals) = postSolution
		SolutionGuid = {254F1CF1-28BC-4D65-A9CC-220E568ECBB5}
	EndGlobalSection
EndGlobal
